
Microsoft Visual Studio Solution File, Format Version 12.00
# Visual Studio Version 17
VisualStudioVersion = 17.3.32929.385
MinimumVisualStudioVersion = 10.0.40219.1
Project("{FAE04EC0-301F-11D3-BF4B-00C04F79EFBC}") = "GUI", "GUI\GUI.csproj", "{04727BFA-A184-4D41-B6EC-5BF84E4BCA16}"
EndProject
Project("{FAE04EC0-301F-11D3-BF4B-00C04F79EFBC}") = "DTO", "DTO\DTO.csproj", "{2767BDDF-A306-4DD6-A14A-6CFC932D3960}"
EndProject
Project("{FAE04EC0-301F-11D3-BF4B-00C04F79EFBC}") = "DAO", "DAO\DAO.csproj", "{066D1C70-B29E-4265-AAD5-620065420BAF}"
EndProject
Project("{FAE04EC0-301F-11D3-BF4B-00C04F79EFBC}") = "BUS", "BUS\BUS.csproj", "{4AE9B9CB-7D56-4B2C-9039-956636F55E76}"
EndProject
Global
	GlobalSection(SolutionConfigurationPlatforms) = preSolution
		Debug|Any CPU = Debug|Any CPU
		Release|Any CPU = Release|Any CPU
	EndGlobalSection
	GlobalSection(ProjectConfigurationPlatforms) = postSolution
		{04727BFA-A184-4D41-B6EC-5BF84E4BCA16}.Debug|Any CPU.ActiveCfg = Debug|Any CPU
		{04727BFA-A184-4D41-B6EC-5BF84E4BCA16}.Debug|Any CPU.Build.0 = Debug|Any CPU
		{04727BFA-A184-4D41-B6EC-5BF84E4BCA16}.Release|Any CPU.ActiveCfg = Release|Any CPU
		{04727BFA-A184-4D41-B6EC-5BF84E4BCA16}.Release|Any CPU.Build.0 = Release|Any CPU
		{2767BDDF-A306-4DD6-A14A-6CFC932D3960}.Debug|Any CPU.ActiveCfg = Debug|Any CPU
		{2767BDDF-A306-4DD6-A14A-6CFC932D3960}.Debug|Any CPU.Build.0 = Debug|Any CPU
		{2767BDDF-A306-4DD6-A14A-6CFC932D3960}.Release|Any CPU.ActiveCfg = Release|Any CPU
		{2767BDDF-A306-4DD6-A14A-6CFC932D3960}.Release|Any CPU.Build.0 = Release|Any CPU
		{066D1C70-B29E-4265-AAD5-620065420BAF}.Debug|Any CPU.ActiveCfg = Debug|Any CPU
		{066D1C70-B29E-4265-AAD5-620065420BAF}.Debug|Any CPU.Build.0 = Debug|Any CPU
		{066D1C70-B29E-4265-AAD5-620065420BAF}.Release|Any CPU.ActiveCfg = Release|Any CPU
		{066D1C70-B29E-4265-AAD5-620065420BAF}.Release|Any CPU.Build.0 = Release|Any CPU
		{4AE9B9CB-7D56-4B2C-9039-956636F55E76}.Debug|Any CPU.ActiveCfg = Debug|Any CPU
		{4AE9B9CB-7D56-4B2C-9039-956636F55E76}.Debug|Any CPU.Build.0 = Debug|Any CPU
		{4AE9B9CB-7D56-4B2C-9039-956636F55E76}.Release|Any CPU.ActiveCfg = Release|Any CPU
		{4AE9B9CB-7D56-4B2C-9039-956636F55E76}.Release|Any CPU.Build.0 = Release|Any CPU
	EndGlobalSection
	GlobalSection(SolutionProperties) = preSolution
		HideSolutionNode = FALSE
	EndGlobalSection
	GlobalSection(ExtensibilityGlobals) = postSolution
		SolutionGuid = {111CA012-6850-48A5-839D-EAEB2A056126}
	EndGlobalSection
EndGlobal
